
Microsoft Visual Studio Solution File, Format Version 12.00
# Visual Studio Version 17
VisualStudioVersion = 17.2.32526.322
MinimumVisualStudioVersion = 10.0.40219.1
Project("{FAE04EC0-301F-11D3-BF4B-00C04F79EFBC}") = "finalSerbestPiyasaDoviz", "finalSerbestPiyasaDoviz\finalSerbestPiyasaDoviz.csproj", "{D0759720-805B-4EF6-AC6D-F97F3A33431D}"
EndProject
Global
	GlobalSection(SolutionConfigurationPlatforms) = preSolution
		Debug|Any CPU = Debug|Any CPU
		Release|Any CPU = Release|Any CPU
	EndGlobalSection
	GlobalSection(ProjectConfigurationPlatforms) = postSolution
		{D0759720-805B-4EF6-AC6D-F97F3A33431D}.Debug|Any CPU.ActiveCfg = Debug|Any CPU
		{D0759720-805B-4EF6-AC6D-F97F3A33431D}.Debug|Any CPU.Build.0 = Debug|Any CPU
		{D0759720-805B-4EF6-AC6D-F97F3A33431D}.Release|Any CPU.ActiveCfg = Release|Any CPU
		{D0759720-805B-4EF6-AC6D-F97F3A33431D}.Release|Any CPU.Build.0 = Release|Any CPU
	EndGlobalSection
	GlobalSection(SolutionProperties) = preSolution
		HideSolutionNode = FALSE
	EndGlobalSection
	GlobalSection(ExtensibilityGlobals) = postSolution
		SolutionGuid = {C08C5424-1532-400E-B7A7-2088978EF867}
	EndGlobalSection
EndGlobal
